
Microsoft Visual Studio Solution File, Format Version 12.00
# Visual Studio Version 17
VisualStudioVersion = 17.8.34330.188
MinimumVisualStudioVersion = 10.0.40219.1
Project("{FAE04EC0-301F-11D3-BF4B-00C04F79EFBC}") = "HigherOrLowerBot", "HigherOrLowerBot.csproj", "{EE2D8BC3-9219-43E2-BACD-FE507F606BDD}"
EndProject
Global
	GlobalSection(SolutionConfigurationPlatforms) = preSolution
		Debug|Any CPU = Debug|Any CPU
		Release|Any CPU = Release|Any CPU
	EndGlobalSection
	GlobalSection(ProjectConfigurationPlatforms) = postSolution
		{EE2D8BC3-9219-43E2-BACD-FE507F606BDD}.Debug|Any CPU.ActiveCfg = Debug|Any CPU
		{EE2D8BC3-9219-43E2-BACD-FE507F606BDD}.Debug|Any CPU.Build.0 = Debug|Any CPU
		{EE2D8BC3-9219-43E2-BACD-FE507F606BDD}.Release|Any CPU.ActiveCfg = Release|Any CPU
		{EE2D8BC3-9219-43E2-BACD-FE507F606BDD}.Release|Any CPU.Build.0 = Release|Any CPU
	EndGlobalSection
	GlobalSection(SolutionProperties) = preSolution
		HideSolutionNode = FALSE
	EndGlobalSection
	GlobalSection(ExtensibilityGlobals) = postSolution
		SolutionGuid = {0A026F10-7913-4B8C-AF5C-51E6D1557D61}
	EndGlobalSection
EndGlobal
